Microsoft Visual Studio Solution File, Format Version 11.00
# Visual Studio 2008

Project("{774EEBAC-24C6-A065-565D-FC05B2B23E37}") = "RhythmViewer", "Assembly-CSharp.csproj", "{320A80B9-B548-6149-D24E-76C21ED73464}"
EndProject
Global
	GlobalSection(SolutionConfigurationPlatforms) = preSolution
		Debug|Any CPU = Debug|Any CPU
		Release|Any CPU = Release|Any CPU
	EndGlobalSection
	GlobalSection(ProjectConfigurationPlatforms) = postSolution
		{320A80B9-B548-6149-D24E-76C21ED73464}.Debug|Any CPU.ActiveCfg = Debug|Any CPU
		{320A80B9-B548-6149-D24E-76C21ED73464}.Debug|Any CPU.Build.0 = Debug|Any CPU
		{320A80B9-B548-6149-D24E-76C21ED73464}.Release|Any CPU.ActiveCfg = Release|Any CPU
		{320A80B9-B548-6149-D24E-76C21ED73464}.Release|Any CPU.Build.0 = Release|Any CPU
	EndGlobalSection
	GlobalSection(SolutionProperties) = preSolution
		HideSolutionNode = FALSE
	EndGlobalSection
	GlobalSection(MonoDevelopProperties) = preSolution
		StartupItem = Assembly-CSharp.csproj
	EndGlobalSection
EndGlobal
