
Microsoft Visual Studio Solution File, Format Version 12.00
# Visual Studio 2015
Project("{FAE04EC0-301F-11D3-BF4B-00C04F79EFBC}") = "RhythmTactVR.CSharp.Plugins", "RhythmTactVR.CSharp.Plugins.csproj", "{6B665FAF-70FA-210B-CFFB-5B1F5DA2542C}"
EndProject
Project("{FAE04EC0-301F-11D3-BF4B-00C04F79EFBC}") = "RhythmTactVR.CSharp", "RhythmTactVR.CSharp.csproj", "{2534EC30-4148-03FE-C2D6-9C6CA54EC3F1}"
EndProject
Project("{FAE04EC0-301F-11D3-BF4B-00C04F79EFBC}") = "RhythmTactVR.CSharp.Editor", "RhythmTactVR.CSharp.Editor.csproj", "{CBAB911B-9EB2-3470-DFDA-01DFF069FE2A}"
EndProject
Global
	GlobalSection(SolutionConfigurationPlatforms) = preSolution
		Debug|Any CPU = Debug|Any CPU
		Release|Any CPU = Release|Any CPU
	EndGlobalSection
	GlobalSection(ProjectConfigurationPlatforms) = postSolution
		{6B665FAF-70FA-210B-CFFB-5B1F5DA2542C}.Debug|Any CPU.ActiveCfg = Debug|Any CPU
		{6B665FAF-70FA-210B-CFFB-5B1F5DA2542C}.Debug|Any CPU.Build.0 = Debug|Any CPU
		{6B665FAF-70FA-210B-CFFB-5B1F5DA2542C}.Release|Any CPU.ActiveCfg = Release|Any CPU
		{6B665FAF-70FA-210B-CFFB-5B1F5DA2542C}.Release|Any CPU.Build.0 = Release|Any CPU
		{2534EC30-4148-03FE-C2D6-9C6CA54EC3F1}.Debug|Any CPU.ActiveCfg = Debug|Any CPU
		{2534EC30-4148-03FE-C2D6-9C6CA54EC3F1}.Debug|Any CPU.Build.0 = Debug|Any CPU
		{2534EC30-4148-03FE-C2D6-9C6CA54EC3F1}.Release|Any CPU.ActiveCfg = Release|Any CPU
		{2534EC30-4148-03FE-C2D6-9C6CA54EC3F1}.Release|Any CPU.Build.0 = Release|Any CPU
		{CBAB911B-9EB2-3470-DFDA-01DFF069FE2A}.Debug|Any CPU.ActiveCfg = Debug|Any CPU
		{CBAB911B-9EB2-3470-DFDA-01DFF069FE2A}.Debug|Any CPU.Build.0 = Debug|Any CPU
		{CBAB911B-9EB2-3470-DFDA-01DFF069FE2A}.Release|Any CPU.ActiveCfg = Release|Any CPU
		{CBAB911B-9EB2-3470-DFDA-01DFF069FE2A}.Release|Any CPU.Build.0 = Release|Any CPU
	EndGlobalSection
	GlobalSection(SolutionProperties) = preSolution
		HideSolutionNode = FALSE
	EndGlobalSection
EndGlobal
