Microsoft Visual Studio Solution File, Format Version 11.00
# Visual Studio 2008

Project("{6CB70114-1DB3-5648-9F94-BBA65DE63BF7}") = "RhythmTactVR", "Assembly-CSharp-firstpass.csproj", "{5FC66845-FD2E-3941-D35F-FA53F55F4721}"
EndProject
Project("{6CB70114-1DB3-5648-9F94-BBA65DE63BF7}") = "RhythmTactVR", "Assembly-CSharp.csproj", "{91A0B3D1-7A94-483A-1827-229B035AB5EB}"
EndProject
Project("{6CB70114-1DB3-5648-9F94-BBA65DE63BF7}") = "RhythmTactVR", "Assembly-CSharp-Editor.csproj", "{CBA40453-6649-070C-0D5E-0FD027FB5B5C}"
EndProject
Global
	GlobalSection(SolutionConfigurationPlatforms) = preSolution
		Debug|Any CPU = Debug|Any CPU
		Release|Any CPU = Release|Any CPU
	EndGlobalSection
	GlobalSection(ProjectConfigurationPlatforms) = postSolution
		{5FC66845-FD2E-3941-D35F-FA53F55F4721}.Debug|Any CPU.ActiveCfg = Debug|Any CPU
		{5FC66845-FD2E-3941-D35F-FA53F55F4721}.Debug|Any CPU.Build.0 = Debug|Any CPU
		{5FC66845-FD2E-3941-D35F-FA53F55F4721}.Release|Any CPU.ActiveCfg = Release|Any CPU
		{5FC66845-FD2E-3941-D35F-FA53F55F4721}.Release|Any CPU.Build.0 = Release|Any CPU
		{91A0B3D1-7A94-483A-1827-229B035AB5EB}.Debug|Any CPU.ActiveCfg = Debug|Any CPU
		{91A0B3D1-7A94-483A-1827-229B035AB5EB}.Debug|Any CPU.Build.0 = Debug|Any CPU
		{91A0B3D1-7A94-483A-1827-229B035AB5EB}.Release|Any CPU.ActiveCfg = Release|Any CPU
		{91A0B3D1-7A94-483A-1827-229B035AB5EB}.Release|Any CPU.Build.0 = Release|Any CPU
		{CBA40453-6649-070C-0D5E-0FD027FB5B5C}.Debug|Any CPU.ActiveCfg = Debug|Any CPU
		{CBA40453-6649-070C-0D5E-0FD027FB5B5C}.Debug|Any CPU.Build.0 = Debug|Any CPU
		{CBA40453-6649-070C-0D5E-0FD027FB5B5C}.Release|Any CPU.ActiveCfg = Release|Any CPU
		{CBA40453-6649-070C-0D5E-0FD027FB5B5C}.Release|Any CPU.Build.0 = Release|Any CPU
	EndGlobalSection
	GlobalSection(SolutionProperties) = preSolution
		HideSolutionNode = FALSE
	EndGlobalSection
	GlobalSection(MonoDevelopProperties) = preSolution
		StartupItem = Assembly-CSharp.csproj
	EndGlobalSection
EndGlobal
