
Microsoft Visual Studio Solution File, Format Version 12.00
# Visual Studio 2013
Project("{FAE04EC0-301F-11D3-BF4B-00C04F79EFBC}") = "base.CSharp.Plugins", "base.CSharp.Plugins.csproj", "{47A3C6B0-50B2-6B53-CC74-F0D23D85DAF9}"
EndProject
Project("{FAE04EC0-301F-11D3-BF4B-00C04F79EFBC}") = "base.CSharp", "base.CSharp.csproj", "{846D9594-9EC6-8A2C-3A97-29090A3C38CF}"
EndProject
Project("{FAE04EC0-301F-11D3-BF4B-00C04F79EFBC}") = "base.CSharp.Editor", "base.CSharp.Editor.csproj", "{47A7A45C-B267-CD65-9FB8-0ABCFC011153}"
EndProject
Global
	GlobalSection(SolutionConfigurationPlatforms) = preSolution
		Debug|Any CPU = Debug|Any CPU
		Release|Any CPU = Release|Any CPU
	EndGlobalSection
	GlobalSection(ProjectConfigurationPlatforms) = postSolution
		{47A3C6B0-50B2-6B53-CC74-F0D23D85DAF9}.Debug|Any CPU.ActiveCfg = Debug|Any CPU
		{47A3C6B0-50B2-6B53-CC74-F0D23D85DAF9}.Debug|Any CPU.Build.0 = Debug|Any CPU
		{47A3C6B0-50B2-6B53-CC74-F0D23D85DAF9}.Release|Any CPU.ActiveCfg = Release|Any CPU
		{47A3C6B0-50B2-6B53-CC74-F0D23D85DAF9}.Release|Any CPU.Build.0 = Release|Any CPU
		{846D9594-9EC6-8A2C-3A97-29090A3C38CF}.Debug|Any CPU.ActiveCfg = Debug|Any CPU
		{846D9594-9EC6-8A2C-3A97-29090A3C38CF}.Debug|Any CPU.Build.0 = Debug|Any CPU
		{846D9594-9EC6-8A2C-3A97-29090A3C38CF}.Release|Any CPU.ActiveCfg = Release|Any CPU
		{846D9594-9EC6-8A2C-3A97-29090A3C38CF}.Release|Any CPU.Build.0 = Release|Any CPU
		{47A7A45C-B267-CD65-9FB8-0ABCFC011153}.Debug|Any CPU.ActiveCfg = Debug|Any CPU
		{47A7A45C-B267-CD65-9FB8-0ABCFC011153}.Debug|Any CPU.Build.0 = Debug|Any CPU
		{47A7A45C-B267-CD65-9FB8-0ABCFC011153}.Release|Any CPU.ActiveCfg = Release|Any CPU
		{47A7A45C-B267-CD65-9FB8-0ABCFC011153}.Release|Any CPU.Build.0 = Release|Any CPU
	EndGlobalSection
	GlobalSection(SolutionProperties) = preSolution
		HideSolutionNode = FALSE
	EndGlobalSection
EndGlobal
