
Microsoft Visual Studio Solution File, Format Version 12.00
# Visual Studio 2015
Project("{FAE04EC0-301F-11D3-BF4B-00C04F79EFBC}") = "VR_takt.CSharp.Plugins", "VR_takt.CSharp.Plugins.csproj", "{80B23490-BB79-B001-CE63-5C120D582091}"
EndProject
Project("{FAE04EC0-301F-11D3-BF4B-00C04F79EFBC}") = "VR_takt.CSharp", "VR_takt.CSharp.csproj", "{5D359CB2-01C1-6BE9-B3CE-CDD748E5E32D}"
EndProject
Project("{FAE04EC0-301F-11D3-BF4B-00C04F79EFBC}") = "VR_takt.CSharp.Editor", "VR_takt.CSharp.Editor.csproj", "{A257C319-F9A2-FB69-5A84-E72947120E34}"
EndProject
Global
	GlobalSection(SolutionConfigurationPlatforms) = preSolution
		Debug|Any CPU = Debug|Any CPU
		Release|Any CPU = Release|Any CPU
	EndGlobalSection
	GlobalSection(ProjectConfigurationPlatforms) = postSolution
		{80B23490-BB79-B001-CE63-5C120D582091}.Debug|Any CPU.ActiveCfg = Debug|Any CPU
		{80B23490-BB79-B001-CE63-5C120D582091}.Debug|Any CPU.Build.0 = Debug|Any CPU
		{80B23490-BB79-B001-CE63-5C120D582091}.Release|Any CPU.ActiveCfg = Release|Any CPU
		{80B23490-BB79-B001-CE63-5C120D582091}.Release|Any CPU.Build.0 = Release|Any CPU
		{5D359CB2-01C1-6BE9-B3CE-CDD748E5E32D}.Debug|Any CPU.ActiveCfg = Debug|Any CPU
		{5D359CB2-01C1-6BE9-B3CE-CDD748E5E32D}.Debug|Any CPU.Build.0 = Debug|Any CPU
		{5D359CB2-01C1-6BE9-B3CE-CDD748E5E32D}.Release|Any CPU.ActiveCfg = Release|Any CPU
		{5D359CB2-01C1-6BE9-B3CE-CDD748E5E32D}.Release|Any CPU.Build.0 = Release|Any CPU
		{A257C319-F9A2-FB69-5A84-E72947120E34}.Debug|Any CPU.ActiveCfg = Debug|Any CPU
		{A257C319-F9A2-FB69-5A84-E72947120E34}.Debug|Any CPU.Build.0 = Debug|Any CPU
		{A257C319-F9A2-FB69-5A84-E72947120E34}.Release|Any CPU.ActiveCfg = Release|Any CPU
		{A257C319-F9A2-FB69-5A84-E72947120E34}.Release|Any CPU.Build.0 = Release|Any CPU
	EndGlobalSection
	GlobalSection(SolutionProperties) = preSolution
		HideSolutionNode = FALSE
	EndGlobalSection
EndGlobal
